// !$*UTF8*$!
{
	archiveVersion = 1;
	classes = {
	};
	objectVersion = 48;
	objects = {

/* Begin PBXBuildFile section */
		C45F09561F6BF1F000A24060 /* DataService.swift in Sources */ = {isa = PBXBuildFile; fileRef = C45F09551F6BF1F000A24060 /* DataService.swift */; };
		C45F09581F6BF29E00A24060 /* MuscleGroups.swift in Sources */ = {isa = PBXBuildFile; fileRef = C45F09571F6BF29E00A24060 /* MuscleGroups.swift */; };
		C45F095A1F6BF58700A24060 /* RegistrationViewController.swift in Sources */ = {isa = PBXBuildFile; fileRef = C45F09591F6BF58700A24060 /* RegistrationViewController.swift */; };
		C46341FB1F6AA7CB0037E4A5 /* AddWorkoutView.swift in Sources */ = {isa = PBXBuildFile; fileRef = C46341FA1F6AA7CB0037E4A5 /* AddWorkoutView.swift */; };
		C463D83B1F6AEF01006F5CCC /* ChooseExerciseHeaderCell.swift in Sources */ = {isa = PBXBuildFile; fileRef = C463D83A1F6AEF01006F5CCC /* ChooseExerciseHeaderCell.swift */; };
		C463D83D1F6AF198006F5CCC /* MuscleGroupCell.swift in Sources */ = {isa = PBXBuildFile; fileRef = C463D83C1F6AF198006F5CCC /* MuscleGroupCell.swift */; };
		C463D83F1F6AFD95006F5CCC /* ExercisesChosenByUserCell.swift in Sources */ = {isa = PBXBuildFile; fileRef = C463D83E1F6AFD95006F5CCC /* ExercisesChosenByUserCell.swift */; };
		C463D8411F6B0549006F5CCC /* ChooseExerciseViewController.swift in Sources */ = {isa = PBXBuildFile; fileRef = C463D8401F6B0549006F5CCC /* ChooseExerciseViewController.swift */; };
		C463D8431F6B0841006F5CCC /* ChoseAnExerciseHeader.swift in Sources */ = {isa = PBXBuildFile; fileRef = C463D8421F6B0841006F5CCC /* ChoseAnExerciseHeader.swift */; };
		C464CC471F6A9CE000E952CE /* CreateWorkoutViewController.swift in Sources */ = {isa = PBXBuildFile; fileRef = C464CC461F6A9CE000E952CE /* CreateWorkoutViewController.swift */; };
		C46FCDBC1F6AB2F900612E58 /* WorkoutDayHeader.swift in Sources */ = {isa = PBXBuildFile; fileRef = C46FCDBB1F6AB2F900612E58 /* WorkoutDayHeader.swift */; };
		C46FCDBE1F6AB48800612E58 /* ExerciseCellHeader.swift in Sources */ = {isa = PBXBuildFile; fileRef = C46FCDBD1F6AB48800612E58 /* ExerciseCellHeader.swift */; };
		C46FCDC11F6AB6E300612E58 /* AddColorTagToWorkoutCell.swift in Sources */ = {isa = PBXBuildFile; fileRef = C46FCDC01F6AB6E300612E58 /* AddColorTagToWorkoutCell.swift */; };
		C46FCDC31F6ABD7400612E58 /* WorkoutDayCell.swift in Sources */ = {isa = PBXBuildFile; fileRef = C46FCDC21F6ABD7400612E58 /* WorkoutDayCell.swift */; };
		C46FCDC51F6ABF1E00612E58 /* ChooseExerciseCell.swift in Sources */ = {isa = PBXBuildFile; fileRef = C46FCDC41F6ABF1E00612E58 /* ChooseExerciseCell.swift */; };
		C46FCDC71F6ACC3800612E58 /* AddExerciseViewController.swift in Sources */ = {isa = PBXBuildFile; fileRef = C46FCDC61F6ACC3800612E58 /* AddExerciseViewController.swift */; };
		C4CF93CD1F6BF0F200D1FF5E /* GoogleService-Info.plist in Resources */ = {isa = PBXBuildFile; fileRef = C4CF93CB1F6BF06D00D1FF5E /* GoogleService-Info.plist */; };
		C4F1B7A61F69411800670AC6 /* AppDelegate.swift in Sources */ = {isa = PBXBuildFile; fileRef = C4F1B7A51F69411800670AC6 /* AppDelegate.swift */; };
		C4F1B7A81F69411800670AC6 /* HomeViewController.swift in Sources */ = {isa = PBXBuildFile; fileRef = C4F1B7A71F69411800670AC6 /* HomeViewController.swift */; };
		C4F1B7AE1F69411800670AC6 /* GymDiary.xcdatamodeld in Sources */ = {isa = PBXBuildFile; fileRef = C4F1B7AC1F69411800670AC6 /* GymDiary.xcdatamodeld */; };
		C4F1B7B01F69411800670AC6 /* Assets.xcassets in Resources */ = {isa = PBXBuildFile; fileRef = C4F1B7AF1F69411800670AC6 /* Assets.xcassets */; };
		C4F1B7B31F69411800670AC6 /* LaunchScreen.storyboard in Resources */ = {isa = PBXBuildFile; fileRef = C4F1B7B11F69411800670AC6 /* LaunchScreen.storyboard */; };
		C4F1B7BE1F69411900670AC6 /* GymDiaryTests.swift in Sources */ = {isa = PBXBuildFile; fileRef = C4F1B7BD1F69411900670AC6 /* GymDiaryTests.swift */; };
		C4F1B7C91F69411900670AC6 /* GymDiaryUITests.swift in Sources */ = {isa = PBXBuildFile; fileRef = C4F1B7C81F69411900670AC6 /* GymDiaryUITests.swift */; };
		C4F1B7DA1F69419800670AC6 /* Extensions.swift in Sources */ = {isa = PBXBuildFile; fileRef = C4F1B7D91F69419700670AC6 /* Extensions.swift */; };
		C4F1B7DC1F69428100670AC6 /* User.swift in Sources */ = {isa = PBXBuildFile; fileRef = C4F1B7DB1F69428100670AC6 /* User.swift */; };
		C4F1B7DE1F69485E00670AC6 /* HomeHeaderCell.swift in Sources */ = {isa = PBXBuildFile; fileRef = C4F1B7DD1F69485E00670AC6 /* HomeHeaderCell.swift */; };
		C4F1B7E01F6948F800670AC6 /* CustomImageView.swift in Sources */ = {isa = PBXBuildFile; fileRef = C4F1B7DF1F6948F800670AC6 /* CustomImageView.swift */; };
		C4F1B7E31F69802B00670AC6 /* PreviousWorkoutView.swift in Sources */ = {isa = PBXBuildFile; fileRef = C4F1B7E21F69802B00670AC6 /* PreviousWorkoutView.swift */; };
		C4FBB6FE1F6C0AAE001239EE /* LoginViewController.swift in Sources */ = {isa = PBXBuildFile; fileRef = C4FBB6FD1F6C0AAE001239EE /* LoginViewController.swift */; };
		C4FBB7001F6C1C20001239EE /* WelcomeViewController.swift in Sources */ = {isa = PBXBuildFile; fileRef = C4FBB6FF1F6C1C20001239EE /* WelcomeViewController.swift */; };
		F03C3EB91BC4575890442C53 /* Pods_GymDiary.framework in Frameworks */ = {isa = PBXBuildFile; fileRef = FC7CBF3AD6ACFAEA69639F6C /* Pods_GymDiary.framework */; };
/* End PBXBuildFile section */

/* Begin PBXContainerItemProxy section */
		C4F1B7BA1F69411900670AC6 /* PBXContainerItemProxy */ = {
			isa = PBXContainerItemProxy;
			containerPortal = C4F1B79A1F69411800670AC6 /* Project object */;
			proxyType = 1;
			remoteGlobalIDString = C4F1B7A11F69411800670AC6;
			remoteInfo = GymDiary;
		};
		C4F1B7C51F69411900670AC6 /* PBXContainerItemProxy */ = {
			isa = PBXContainerItemProxy;
			containerPortal = C4F1B79A1F69411800670AC6 /* Project object */;
			proxyType = 1;
			remoteGlobalIDString = C4F1B7A11F69411800670AC6;
			remoteInfo = GymDiary;
		};
/* End PBXContainerItemProxy section */

/* Begin PBXFileReference section */
		517D455F6063C7D7A8772C3C /* Pods-GymDiary.release.xcconfig */ = {isa = PBXFileReference; includeInIndex = 1; lastKnownFileType = text.xcconfig; name = "Pods-GymDiary.release.xcconfig"; path = "Pods/Target Support Files/Pods-GymDiary/Pods-GymDiary.release.xcconfig"; sourceTree = "<group>"; };
		C45F09551F6BF1F000A24060 /* DataService.swift */ = {isa = PBXFileReference; lastKnownFileType = sourcecode.swift; path = DataService.swift; sourceTree = "<group>"; };
		C45F09571F6BF29E00A24060 /* MuscleGroups.swift */ = {isa = PBXFileReference; lastKnownFileType = sourcecode.swift; path = MuscleGroups.swift; sourceTree = "<group>"; };
		C45F09591F6BF58700A24060 /* RegistrationViewController.swift */ = {isa = PBXFileReference; lastKnownFileType = sourcecode.swift; path = RegistrationViewController.swift; sourceTree = "<group>"; };
		C46341FA1F6AA7CB0037E4A5 /* AddWorkoutView.swift */ = {isa = PBXFileReference; lastKnownFileType = sourcecode.swift; path = AddWorkoutView.swift; sourceTree = "<group>"; };
		C463D83A1F6AEF01006F5CCC /* ChooseExerciseHeaderCell.swift */ = {isa = PBXFileReference; lastKnownFileType = sourcecode.swift; path = ChooseExerciseHeaderCell.swift; sourceTree = "<group>"; };
		C463D83C1F6AF198006F5CCC /* MuscleGroupCell.swift */ = {isa = PBXFileReference; lastKnownFileType = sourcecode.swift; path = MuscleGroupCell.swift; sourceTree = "<group>"; };
		C463D83E1F6AFD95006F5CCC /* ExercisesChosenByUserCell.swift */ = {isa = PBXFileReference; lastKnownFileType = sourcecode.swift; path = ExercisesChosenByUserCell.swift; sourceTree = "<group>"; };
		C463D8401F6B0549006F5CCC /* ChooseExerciseViewController.swift */ = {isa = PBXFileReference; lastKnownFileType = sourcecode.swift; path = ChooseExerciseViewController.swift; sourceTree = "<group>"; };
		C463D8421F6B0841006F5CCC /* ChoseAnExerciseHeader.swift */ = {isa = PBXFileReference; lastKnownFileType = sourcecode.swift; path = ChoseAnExerciseHeader.swift; sourceTree = "<group>"; };
		C464CC461F6A9CE000E952CE /* CreateWorkoutViewController.swift */ = {isa = PBXFileReference; lastKnownFileType = sourcecode.swift; path = CreateWorkoutViewController.swift; sourceTree = "<group>"; };
		C46FCDBB1F6AB2F900612E58 /* WorkoutDayHeader.swift */ = {isa = PBXFileReference; lastKnownFileType = sourcecode.swift; path = WorkoutDayHeader.swift; sourceTree = "<group>"; };
		C46FCDBD1F6AB48800612E58 /* ExerciseCellHeader.swift */ = {isa = PBXFileReference; lastKnownFileType = sourcecode.swift; path = ExerciseCellHeader.swift; sourceTree = "<group>"; };
		C46FCDC01F6AB6E300612E58 /* AddColorTagToWorkoutCell.swift */ = {isa = PBXFileReference; lastKnownFileType = sourcecode.swift; path = AddColorTagToWorkoutCell.swift; sourceTree = "<group>"; };
		C46FCDC21F6ABD7400612E58 /* WorkoutDayCell.swift */ = {isa = PBXFileReference; lastKnownFileType = sourcecode.swift; path = WorkoutDayCell.swift; sourceTree = "<group>"; };
		C46FCDC41F6ABF1E00612E58 /* ChooseExerciseCell.swift */ = {isa = PBXFileReference; lastKnownFileType = sourcecode.swift; path = ChooseExerciseCell.swift; sourceTree = "<group>"; };
		C46FCDC61F6ACC3800612E58 /* AddExerciseViewController.swift */ = {isa = PBXFileReference; lastKnownFileType = sourcecode.swift; path = AddExerciseViewController.swift; sourceTree = "<group>"; };
		C4CF93CB1F6BF06D00D1FF5E /* GoogleService-Info.plist */ = {isa = PBXFileReference; lastKnownFileType = text.plist.xml; path = "GoogleService-Info.plist"; sourceTree = "<group>"; };
		C4F1B7A21F69411800670AC6 /* GymDiary.app */ = {isa = PBXFileReference; explicitFileType = wrapper.application; includeInIndex = 0; path = GymDiary.app; sourceTree = BUILT_PRODUCTS_DIR; };
		C4F1B7A51F69411800670AC6 /* AppDelegate.swift */ = {isa = PBXFileReference; lastKnownFileType = sourcecode.swift; path = AppDelegate.swift; sourceTree = "<group>"; };
		C4F1B7A71F69411800670AC6 /* HomeViewController.swift */ = {isa = PBXFileReference; lastKnownFileType = sourcecode.swift; path = HomeViewController.swift; sourceTree = "<group>"; };
		C4F1B7AD1F69411800670AC6 /* GymDiary.xcdatamodel */ = {isa = PBXFileReference; lastKnownFileType = wrapper.xcdatamodel; path = GymDiary.xcdatamodel; sourceTree = "<group>"; };
		C4F1B7AF1F69411800670AC6 /* Assets.xcassets */ = {isa = PBXFileReference; lastKnownFileType = folder.assetcatalog; path = Assets.xcassets; sourceTree = "<group>"; };
		C4F1B7B21F69411800670AC6 /* Base */ = {isa = PBXFileReference; lastKnownFileType = file.storyboard; name = Base; path = Base.lproj/LaunchScreen.storyboard; sourceTree = "<group>"; };
		C4F1B7B41F69411800670AC6 /* Info.plist */ = {isa = PBXFileReference; lastKnownFileType = text.plist.xml; path = Info.plist; sourceTree = "<group>"; };
		C4F1B7B91F69411900670AC6 /* GymDiaryTests.xctest */ = {isa = PBXFileReference; explicitFileType = wrapper.cfbundle; includeInIndex = 0; path = GymDiaryTests.xctest; sourceTree = BUILT_PRODUCTS_DIR; };
		C4F1B7BD1F69411900670AC6 /* GymDiaryTests.swift */ = {isa = PBXFileReference; lastKnownFileType = sourcecode.swift; path = GymDiaryTests.swift; sourceTree = "<group>"; };
		C4F1B7BF1F69411900670AC6 /* Info.plist */ = {isa = PBXFileReference; lastKnownFileType = text.plist.xml; path = Info.plist; sourceTree = "<group>"; };
		C4F1B7C41F69411900670AC6 /* GymDiaryUITests.xctest */ = {isa = PBXFileReference; explicitFileType = wrapper.cfbundle; includeInIndex = 0; path = GymDiaryUITests.xctest; sourceTree = BUILT_PRODUCTS_DIR; };
		C4F1B7C81F69411900670AC6 /* GymDiaryUITests.swift */ = {isa = PBXFileReference; lastKnownFileType = sourcecode.swift; path = GymDiaryUITests.swift; sourceTree = "<group>"; };
		C4F1B7CA1F69411900670AC6 /* Info.plist */ = {isa = PBXFileReference; lastKnownFileType = text.plist.xml; path = Info.plist; sourceTree = "<group>"; };
		C4F1B7D91F69419700670AC6 /* Extensions.swift */ = {isa = PBXFileReference; lastKnownFileType = sourcecode.swift; path = Extensions.swift; sourceTree = "<group>"; };
		C4F1B7DB1F69428100670AC6 /* User.swift */ = {isa = PBXFileReference; lastKnownFileType = sourcecode.swift; path = User.swift; sourceTree = "<group>"; };
		C4F1B7DD1F69485E00670AC6 /* HomeHeaderCell.swift */ = {isa = PBXFileReference; lastKnownFileType = sourcecode.swift; path = HomeHeaderCell.swift; sourceTree = "<group>"; };
		C4F1B7DF1F6948F800670AC6 /* CustomImageView.swift */ = {isa = PBXFileReference; lastKnownFileType = sourcecode.swift; path = CustomImageView.swift; sourceTree = "<group>"; };
		C4F1B7E21F69802B00670AC6 /* PreviousWorkoutView.swift */ = {isa = PBXFileReference; lastKnownFileType = sourcecode.swift; path = PreviousWorkoutView.swift; sourceTree = "<group>"; };
		C4FBB6FD1F6C0AAE001239EE /* LoginViewController.swift */ = {isa = PBXFileReference; lastKnownFileType = sourcecode.swift; path = LoginViewController.swift; sourceTree = "<group>"; };
		C4FBB6FF1F6C1C20001239EE /* WelcomeViewController.swift */ = {isa = PBXFileReference; lastKnownFileType = sourcecode.swift; path = WelcomeViewController.swift; sourceTree = "<group>"; };
		F37BCD266375E84BD759AFF7 /* Pods-GymDiary.debug.xcconfig */ = {isa = PBXFileReference; includeInIndex = 1; lastKnownFileType = text.xcconfig; name = "Pods-GymDiary.debug.xcconfig"; path = "Pods/Target Support Files/Pods-GymDiary/Pods-GymDiary.debug.xcconfig"; sourceTree = "<group>"; };
		FC7CBF3AD6ACFAEA69639F6C /* Pods_GymDiary.framework */ = {isa = PBXFileReference; explicitFileType = wrapper.framework; includeInIndex = 0; path = Pods_GymDiary.framework; sourceTree = BUILT_PRODUCTS_DIR; };
/* End PBXFileReference section */

/* Begin PBXFrameworksBuildPhase section */
		C4F1B79F1F69411800670AC6 /* Frameworks */ = {
			isa = PBXFrameworksBuildPhase;
			buildActionMask = 2147483647;
			files = (
				F03C3EB91BC4575890442C53 /* Pods_GymDiary.framework in Frameworks */,
			);
			runOnlyForDeploymentPostprocessing = 0;
		};
		C4F1B7B61F69411900670AC6 /* Frameworks */ = {
			isa = PBXFrameworksBuildPhase;
			buildActionMask = 2147483647;
			files = (
			);
			runOnlyForDeploymentPostprocessing = 0;
		};
		C4F1B7C11F69411900670AC6 /* Frameworks */ = {
			isa = PBXFrameworksBuildPhase;
			buildActionMask = 2147483647;
			files = (
			);
			runOnlyForDeploymentPostprocessing = 0;
		};
/* End PBXFrameworksBuildPhase section */

/* Begin PBXGroup section */
		25F3E86BB7BC5014DFE5E54A /* Frameworks */ = {
			isa = PBXGroup;
			children = (
				FC7CBF3AD6ACFAEA69639F6C /* Pods_GymDiary.framework */,
			);
			name = Frameworks;
			sourceTree = "<group>";
		};
		3092AF7727707A32F67476D2 /* Pods */ = {
			isa = PBXGroup;
			children = (
				F37BCD266375E84BD759AFF7 /* Pods-GymDiary.debug.xcconfig */,
				517D455F6063C7D7A8772C3C /* Pods-GymDiary.release.xcconfig */,
			);
			name = Pods;
			sourceTree = "<group>";
		};
		C46341F91F6AA7A10037E4A5 /* CreateWorkoutHeaderViews */ = {
			isa = PBXGroup;
			children = (
				C46341FA1F6AA7CB0037E4A5 /* AddWorkoutView.swift */,
				C46FCDBB1F6AB2F900612E58 /* WorkoutDayHeader.swift */,
				C46FCDBD1F6AB48800612E58 /* ExerciseCellHeader.swift */,
			);
			path = CreateWorkoutHeaderViews;
			sourceTree = "<group>";
		};
		C46FCDBF1F6AB6D100612E58 /* CreateWorkoutCells */ = {
			isa = PBXGroup;
			children = (
				C46FCDC01F6AB6E300612E58 /* AddColorTagToWorkoutCell.swift */,
				C46FCDC21F6ABD7400612E58 /* WorkoutDayCell.swift */,
				C46FCDC41F6ABF1E00612E58 /* ChooseExerciseCell.swift */,
				C463D8421F6B0841006F5CCC /* ChoseAnExerciseHeader.swift */,
			);
			path = CreateWorkoutCells;
			sourceTree = "<group>";
		};
		C4F1B7991F69411800670AC6 = {
			isa = PBXGroup;
			children = (
				C4F1B7A41F69411800670AC6 /* GymDiary */,
				C4F1B7BC1F69411900670AC6 /* GymDiaryTests */,
				C4F1B7C71F69411900670AC6 /* GymDiaryUITests */,
				C4F1B7A31F69411800670AC6 /* Products */,
				3092AF7727707A32F67476D2 /* Pods */,
				25F3E86BB7BC5014DFE5E54A /* Frameworks */,
			);
			sourceTree = "<group>";
		};
		C4F1B7A31F69411800670AC6 /* Products */ = {
			isa = PBXGroup;
			children = (
				C4F1B7A21F69411800670AC6 /* GymDiary.app */,
				C4F1B7B91F69411900670AC6 /* GymDiaryTests.xctest */,
				C4F1B7C41F69411900670AC6 /* GymDiaryUITests.xctest */,
			);
			name = Products;
			sourceTree = "<group>";
		};
		C4F1B7A41F69411800670AC6 /* GymDiary */ = {
			isa = PBXGroup;
			children = (
				C4CF93CB1F6BF06D00D1FF5E /* GoogleService-Info.plist */,
				C4F1B7D91F69419700670AC6 /* Extensions.swift */,
				C4F1B7DF1F6948F800670AC6 /* CustomImageView.swift */,
				C4F1B7D81F69414500670AC6 /* Model */,
				C4F1B7D71F69414100670AC6 /* View */,
				C4F1B7D61F69413700670AC6 /* Controller */,
				C4F1B7AF1F69411800670AC6 /* Assets.xcassets */,
				C4F1B7B11F69411800670AC6 /* LaunchScreen.storyboard */,
				C4F1B7B41F69411800670AC6 /* Info.plist */,
				C4F1B7AC1F69411800670AC6 /* GymDiary.xcdatamodeld */,
				C45F09551F6BF1F000A24060 /* DataService.swift */,
			);
			path = GymDiary;
			sourceTree = "<group>";
		};
		C4F1B7BC1F69411900670AC6 /* GymDiaryTests */ = {
			isa = PBXGroup;
			children = (
				C4F1B7BD1F69411900670AC6 /* GymDiaryTests.swift */,
				C4F1B7BF1F69411900670AC6 /* Info.plist */,
			);
			path = GymDiaryTests;
			sourceTree = "<group>";
		};
		C4F1B7C71F69411900670AC6 /* GymDiaryUITests */ = {
			isa = PBXGroup;
			children = (
				C4F1B7C81F69411900670AC6 /* GymDiaryUITests.swift */,
				C4F1B7CA1F69411900670AC6 /* Info.plist */,
			);
			path = GymDiaryUITests;
			sourceTree = "<group>";
		};
		C4F1B7D61F69413700670AC6 /* Controller */ = {
			isa = PBXGroup;
			children = (
				C4F1B7A51F69411800670AC6 /* AppDelegate.swift */,
				C4F1B7A71F69411800670AC6 /* HomeViewController.swift */,
				C464CC461F6A9CE000E952CE /* CreateWorkoutViewController.swift */,
				C46FCDC61F6ACC3800612E58 /* AddExerciseViewController.swift */,
				C463D8401F6B0549006F5CCC /* ChooseExerciseViewController.swift */,
				C45F09591F6BF58700A24060 /* RegistrationViewController.swift */,
				C4FBB6FD1F6C0AAE001239EE /* LoginViewController.swift */,
				C4FBB6FF1F6C1C20001239EE /* WelcomeViewController.swift */,
			);
			path = Controller;
			sourceTree = "<group>";
		};
		C4F1B7D71F69414100670AC6 /* View */ = {
			isa = PBXGroup;
			children = (
				C46FCDBF1F6AB6D100612E58 /* CreateWorkoutCells */,
				C46341F91F6AA7A10037E4A5 /* CreateWorkoutHeaderViews */,
				C4F1B7E11F697EC400670AC6 /* HomeView */,
				C463D83A1F6AEF01006F5CCC /* ChooseExerciseHeaderCell.swift */,
				C463D83C1F6AF198006F5CCC /* MuscleGroupCell.swift */,
				C463D83E1F6AFD95006F5CCC /* ExercisesChosenByUserCell.swift */,
			);
			path = View;
			sourceTree = "<group>";
		};
		C4F1B7D81F69414500670AC6 /* Model */ = {
			isa = PBXGroup;
			children = (
				C4F1B7DB1F69428100670AC6 /* User.swift */,
				C45F09571F6BF29E00A24060 /* MuscleGroups.swift */,
			);
			path = Model;
			sourceTree = "<group>";
		};
		C4F1B7E11F697EC400670AC6 /* HomeView */ = {
			isa = PBXGroup;
			children = (
				C4F1B7DD1F69485E00670AC6 /* HomeHeaderCell.swift */,
				C4F1B7E21F69802B00670AC6 /* PreviousWorkoutView.swift */,
			);
			path = HomeView;
			sourceTree = "<group>";
		};
/* End PBXGroup section */

/* Begin PBXNativeTarget section */
		C4F1B7A11F69411800670AC6 /* GymDiary */ = {
			isa = PBXNativeTarget;
			buildConfigurationList = C4F1B7CD1F69411900670AC6 /* Build configuration list for PBXNativeTarget "GymDiary" */;
			buildPhases = (
				AF7C1F42DF65B869BEF1F344 /* [CP] Check Pods Manifest.lock */,
				C4F1B79E1F69411800670AC6 /* Sources */,
				C4F1B79F1F69411800670AC6 /* Frameworks */,
				C4F1B7A01F69411800670AC6 /* Resources */,
				A5FB81CC49D40EAAE9CEA0AC /* [CP] Embed Pods Frameworks */,
				8B972B16398E51134AEB6AA0 /* [CP] Copy Pods Resources */,
			);
			buildRules = (
			);
			dependencies = (
			);
			name = GymDiary;
			productName = GymDiary;
			productReference = C4F1B7A21F69411800670AC6 /* GymDiary.app */;
			productType = "com.apple.product-type.application";
		};
		C4F1B7B81F69411900670AC6 /* GymDiaryTests */ = {
			isa = PBXNativeTarget;
			buildConfigurationList = C4F1B7D01F69411900670AC6 /* Build configuration list for PBXNativeTarget "GymDiaryTests" */;
			buildPhases = (
				C4F1B7B51F69411900670AC6 /* Sources */,
				C4F1B7B61F69411900670AC6 /* Frameworks */,
				C4F1B7B71F69411900670AC6 /* Resources */,
			);
			buildRules = (
			);
			dependencies = (
				C4F1B7BB1F69411900670AC6 /* PBXTargetDependency */,
			);
			name = GymDiaryTests;
			productName = GymDiaryTests;
			productReference = C4F1B7B91F69411900670AC6 /* GymDiaryTests.xctest */;
			productType = "com.apple.product-type.bundle.unit-test";
		};
		C4F1B7C31F69411900670AC6 /* GymDiaryUITests */ = {
			isa = PBXNativeTarget;
			buildConfigurationList = C4F1B7D31F69411900670AC6 /* Build configuration list for PBXNativeTarget "GymDiaryUITests" */;
			buildPhases = (
				C4F1B7C01F69411900670AC6 /* Sources */,
				C4F1B7C11F69411900670AC6 /* Frameworks */,
				C4F1B7C21F69411900670AC6 /* Resources */,
			);
			buildRules = (
			);
			dependencies = (
				C4F1B7C61F69411900670AC6 /* PBXTargetDependency */,
			);
			name = GymDiaryUITests;
			productName = GymDiaryUITests;
			productReference = C4F1B7C41F69411900670AC6 /* GymDiaryUITests.xctest */;
			productType = "com.apple.product-type.bundle.ui-testing";
		};
/* End PBXNativeTarget section */

/* Begin PBXProject section */
		C4F1B79A1F69411800670AC6 /* Project object */ = {
			isa = PBXProject;
			attributes = {
				LastSwiftUpdateCheck = 0900;
				LastUpgradeCheck = 0900;
				ORGANIZATIONNAME = "David Ward";
				TargetAttributes = {
					C4F1B7A11F69411800670AC6 = {
						CreatedOnToolsVersion = 9.0;
						ProvisioningStyle = Automatic;
					};
					C4F1B7B81F69411900670AC6 = {
						CreatedOnToolsVersion = 9.0;
						ProvisioningStyle = Automatic;
						TestTargetID = C4F1B7A11F69411800670AC6;
					};
					C4F1B7C31F69411900670AC6 = {
						CreatedOnToolsVersion = 9.0;
						ProvisioningStyle = Automatic;
						TestTargetID = C4F1B7A11F69411800670AC6;
					};
				};
			};
			buildConfigurationList = C4F1B79D1F69411800670AC6 /* Build configuration list for PBXProject "GymDiary" */;
			compatibilityVersion = "Xcode 8.0";
			developmentRegion = en;
			hasScannedForEncodings = 0;
			knownRegions = (
				en,
				Base,
			);
			mainGroup = C4F1B7991F69411800670AC6;
			productRefGroup = C4F1B7A31F69411800670AC6 /* Products */;
			projectDirPath = "";
			projectRoot = "";
			targets = (
				C4F1B7A11F69411800670AC6 /* GymDiary */,
				C4F1B7B81F69411900670AC6 /* GymDiaryTests */,
				C4F1B7C31F69411900670AC6 /* GymDiaryUITests */,
			);
		};
/* End PBXProject section */

/* Begin PBXResourcesBuildPhase section */
		C4F1B7A01F69411800670AC6 /* Resources */ = {
			isa = PBXResourcesBuildPhase;
			buildActionMask = 2147483647;
			files = (
				C4F1B7B31F69411800670AC6 /* LaunchScreen.storyboard in Resources */,
				C4F1B7B01F69411800670AC6 /* Assets.xcassets in Resources */,
				C4CF93CD1F6BF0F200D1FF5E /* GoogleService-Info.plist in Resources */,
			);
			runOnlyForDeploymentPostprocessing = 0;
		};
		C4F1B7B71F69411900670AC6 /* Resources */ = {
			isa = PBXResourcesBuildPhase;
			buildActionMask = 2147483647;
			files = (
			);
			runOnlyForDeploymentPostprocessing = 0;
		};
		C4F1B7C21F69411900670AC6 /* Resources */ = {
			isa = PBXResourcesBuildPhase;
			buildActionMask = 2147483647;
			files = (
			);
			runOnlyForDeploymentPostprocessing = 0;
		};
/* End PBXResourcesBuildPhase section */

/* Begin PBXShellScriptBuildPhase section */
		8B972B16398E51134AEB6AA0 /* [CP] Copy Pods Resources */ = {
			isa = PBXShellScriptBuildPhase;
			buildActionMask = 2147483647;
			files = (
			);
			inputPaths = (
			);
			name = "[CP] Copy Pods Resources";
			outputPaths = (
			);
			runOnlyForDeploymentPostprocessing = 0;
			shellPath = /bin/sh;
			shellScript = "\"${SRCROOT}/Pods/Target Support Files/Pods-GymDiary/Pods-GymDiary-resources.sh\"\n";
			showEnvVarsInLog = 0;
		};
		A5FB81CC49D40EAAE9CEA0AC /* [CP] Embed Pods Frameworks */ = {
			isa = PBXShellScriptBuildPhase;
			buildActionMask = 2147483647;
			files = (
			);
			inputPaths = (
			);
			name = "[CP] Embed Pods Frameworks";
			outputPaths = (
			);
			runOnlyForDeploymentPostprocessing = 0;
			shellPath = /bin/sh;
			shellScript = "\"${SRCROOT}/Pods/Target Support Files/Pods-GymDiary/Pods-GymDiary-frameworks.sh\"\n";
			showEnvVarsInLog = 0;
		};
		AF7C1F42DF65B869BEF1F344 /* [CP] Check Pods Manifest.lock */ = {
			isa = PBXShellScriptBuildPhase;
			buildActionMask = 2147483647;
			files = (
			);
			inputPaths = (
			);
			name = "[CP] Check Pods Manifest.lock";
			outputPaths = (
			);
			runOnlyForDeploymentPostprocessing = 0;
			shellPath = /bin/sh;
			shellScript = "diff \"${PODS_ROOT}/../Podfile.lock\" \"${PODS_ROOT}/Manifest.lock\" > /dev/null\nif [ $? != 0 ] ; then\n    # print error to STDERR\n    echo \"error: The sandbox is not in sync with the Podfile.lock. Run 'pod install' or update your CocoaPods installation.\" >&2\n    exit 1\nfi\n";
			showEnvVarsInLog = 0;
		};
/* End PBXShellScriptBuildPhase section */

/* Begin PBXSourcesBuildPhase section */
		C4F1B79E1F69411800670AC6 /* Sources */ = {
			isa = PBXSourcesBuildPhase;
			buildActionMask = 2147483647;
			files = (
				C46FCDC31F6ABD7400612E58 /* WorkoutDayCell.swift in Sources */,
				C4F1B7A81F69411800670AC6 /* HomeViewController.swift in Sources */,
				C4F1B7DE1F69485E00670AC6 /* HomeHeaderCell.swift in Sources */,
				C4F1B7A61F69411800670AC6 /* AppDelegate.swift in Sources */,
				C4F1B7E01F6948F800670AC6 /* CustomImageView.swift in Sources */,
				C45F09561F6BF1F000A24060 /* DataService.swift in Sources */,
				C463D8411F6B0549006F5CCC /* ChooseExerciseViewController.swift in Sources */,
				C46FCDBE1F6AB48800612E58 /* ExerciseCellHeader.swift in Sources */,
				C46FCDC51F6ABF1E00612E58 /* ChooseExerciseCell.swift in Sources */,
				C463D8431F6B0841006F5CCC /* ChoseAnExerciseHeader.swift in Sources */,
				C46FCDC11F6AB6E300612E58 /* AddColorTagToWorkoutCell.swift in Sources */,
				C464CC471F6A9CE000E952CE /* CreateWorkoutViewController.swift in Sources */,
				C463D83F1F6AFD95006F5CCC /* ExercisesChosenByUserCell.swift in Sources */,
				C4FBB6FE1F6C0AAE001239EE /* LoginViewController.swift in Sources */,
				C46341FB1F6AA7CB0037E4A5 /* AddWorkoutView.swift in Sources */,
				C46FCDC71F6ACC3800612E58 /* AddExerciseViewController.swift in Sources */,
				C46FCDBC1F6AB2F900612E58 /* WorkoutDayHeader.swift in Sources */,
				C45F09581F6BF29E00A24060 /* MuscleGroups.swift in Sources */,
				C4F1B7AE1F69411800670AC6 /* GymDiary.xcdatamodeld in Sources */,
				C4FBB7001F6C1C20001239EE /* WelcomeViewController.swift in Sources */,
				C45F095A1F6BF58700A24060 /* RegistrationViewController.swift in Sources */,
				C4F1B7DC1F69428100670AC6 /* User.swift in Sources */,
				C463D83D1F6AF198006F5CCC /* MuscleGroupCell.swift in Sources */,
				C4F1B7DA1F69419800670AC6 /* Extensions.swift in Sources */,
				C4F1B7E31F69802B00670AC6 /* PreviousWorkoutView.swift in Sources */,
				C463D83B1F6AEF01006F5CCC /* ChooseExerciseHeaderCell.swift in Sources */,
			);
			runOnlyForDeploymentPostprocessing = 0;
		};
		C4F1B7B51F69411900670AC6 /* Sources */ = {
			isa = PBXSourcesBuildPhase;
			buildActionMask = 2147483647;
			files = (
				C4F1B7BE1F69411900670AC6 /* GymDiaryTests.swift in Sources */,
			);
			runOnlyForDeploymentPostprocessing = 0;
		};
		C4F1B7C01F69411900670AC6 /* Sources */ = {
			isa = PBXSourcesBuildPhase;
			buildActionMask = 2147483647;
			files = (
				C4F1B7C91F69411900670AC6 /* GymDiaryUITests.swift in Sources */,
			);
			runOnlyForDeploymentPostprocessing = 0;
		};
/* End PBXSourcesBuildPhase section */

/* Begin PBXTargetDependency section */
		C4F1B7BB1F69411900670AC6 /* PBXTargetDependency */ = {
			isa = PBXTargetDependency;
			target = C4F1B7A11F69411800670AC6 /* GymDiary */;
			targetProxy = C4F1B7BA1F69411900670AC6 /* PBXContainerItemProxy */;
		};
		C4F1B7C61F69411900670AC6 /* PBXTargetDependency */ = {
			isa = PBXTargetDependency;
			target = C4F1B7A11F69411800670AC6 /* GymDiary */;
			targetProxy = C4F1B7C51F69411900670AC6 /* PBXContainerItemProxy */;
		};
/* End PBXTargetDependency section */

/* Begin PBXVariantGroup section */
		C4F1B7B11F69411800670AC6 /* LaunchScreen.storyboard */ = {
			isa = PBXVariantGroup;
			children = (
				C4F1B7B21F69411800670AC6 /* Base */,
			);
			name = LaunchScreen.storyboard;
			sourceTree = "<group>";
		};
/* End PBXVariantGroup section */

/* Begin XCBuildConfiguration section */
		C4F1B7CB1F69411900670AC6 /* Debug */ = {
			isa = XCBuildConfiguration;
			buildSettings = {
				ALWAYS_SEARCH_USER_PATHS = NO;
				CLANG_ANALYZER_NONNULL = YES;
				CLANG_ANALYZER_NUMBER_OBJECT_CONVERSION = YES_AGGRESSIVE;
				CLANG_CXX_LANGUAGE_STANDARD = "gnu++14";
				CLANG_CXX_LIBRARY = "libc++";
				CLANG_ENABLE_MODULES = YES;
				CLANG_ENABLE_OBJC_ARC = YES;
				CLANG_WARN_BLOCK_CAPTURE_AUTORELEASING = YES;
				CLANG_WARN_BOOL_CONVERSION = YES;
				CLANG_WARN_COMMA = YES;
				CLANG_WARN_CONSTANT_CONVERSION = YES;
				CLANG_WARN_DIRECT_OBJC_ISA_USAGE = YES_ERROR;
				CLANG_WARN_DOCUMENTATION_COMMENTS = YES;
				CLANG_WARN_EMPTY_BODY = YES;
				CLANG_WARN_ENUM_CONVERSION = YES;
				CLANG_WARN_INFINITE_RECURSION = YES;
				CLANG_WARN_INT_CONVERSION = YES;
				CLANG_WARN_NON_LITERAL_NULL_CONVERSION = YES;
				CLANG_WARN_OBJC_LITERAL_CONVERSION = YES;
				CLANG_WARN_OBJC_ROOT_CLASS = YES_ERROR;
				CLANG_WARN_RANGE_LOOP_ANALYSIS = YES;
				CLANG_WARN_STRICT_PROTOTYPES = YES;
				CLANG_WARN_SUSPICIOUS_MOVE = YES;
				CLANG_WARN_UNGUARDED_AVAILABILITY = YES_AGGRESSIVE;
				CLANG_WARN_UNREACHABLE_CODE = YES;
				CLANG_WARN__DUPLICATE_METHOD_MATCH = YES;
				CODE_SIGN_IDENTITY = "iPhone Developer";
				COPY_PHASE_STRIP = NO;
				DEBUG_INFORMATION_FORMAT = dwarf;
				ENABLE_STRICT_OBJC_MSGSEND = YES;
				ENABLE_TESTABILITY = YES;
				GCC_C_LANGUAGE_STANDARD = gnu11;
				GCC_DYNAMIC_NO_PIC = NO;
				GCC_NO_COMMON_BLOCKS = YES;
				GCC_OPTIMIZATION_LEVEL = 0;
				GCC_PREPROCESSOR_DEFINITIONS = (
					"DEBUG=1",
					"$(inherited)",
				);
				GCC_WARN_64_TO_32_BIT_CONVERSION = YES;
				GCC_WARN_ABOUT_RETURN_TYPE = YES_ERROR;
				GCC_WARN_UNDECLARED_SELECTOR = YES;
				GCC_WARN_UNINITIALIZED_AUTOS = YES_AGGRESSIVE;
				GCC_WARN_UNUSED_FUNCTION = YES;
				GCC_WARN_UNUSED_VARIABLE = YES;
				IPHONEOS_DEPLOYMENT_TARGET = 11.0;
				MTL_ENABLE_DEBUG_INFO = YES;
				ONLY_ACTIVE_ARCH = YES;
				SDKROOT = iphoneos;
				SWIFT_ACTIVE_COMPILATION_CONDITIONS = DEBUG;
				SWIFT_OPTIMIZATION_LEVEL = "-Onone";
			};
			name = Debug;
		};
		C4F1B7CC1F69411900670AC6 /* Release */ = {
			isa = XCBuildConfiguration;
			buildSettings = {
				ALWAYS_SEARCH_USER_PATHS = NO;
				CLANG_ANALYZER_NONNULL = YES;
				CLANG_ANALYZER_NUMBER_OBJECT_CONVERSION = YES_AGGRESSIVE;
				CLANG_CXX_LANGUAGE_STANDARD = "gnu++14";
				CLANG_CXX_LIBRARY = "libc++";
				CLANG_ENABLE_MODULES = YES;
				CLANG_ENABLE_OBJC_ARC = YES;
				CLANG_WARN_BLOCK_CAPTURE_AUTORELEASING = YES;
				CLANG_WARN_BOOL_CONVERSION = YES;
				CLANG_WARN_COMMA = YES;
				CLANG_WARN_CONSTANT_CONVERSION = YES;
				CLANG_WARN_DIRECT_OBJC_ISA_USAGE = YES_ERROR;
				CLANG_WARN_DOCUMENTATION_COMMENTS = YES;
				CLANG_WARN_EMPTY_BODY = YES;
				CLANG_WARN_ENUM_CONVERSION = YES;
				CLANG_WARN_INFINITE_RECURSION = YES;
				CLANG_WARN_INT_CONVERSION = YES;
				CLANG_WARN_NON_LITERAL_NULL_CONVERSION = YES;
				CLANG_WARN_OBJC_LITERAL_CONVERSION = YES;
				CLANG_WARN_OBJC_ROOT_CLASS = YES_ERROR;
				CLANG_WARN_RANGE_LOOP_ANALYSIS = YES;
				CLANG_WARN_STRICT_PROTOTYPES = YES;
				CLANG_WARN_SUSPICIOUS_MOVE = YES;
				CLANG_WARN_UNGUARDED_AVAILABILITY = YES_AGGRESSIVE;
				CLANG_WARN_UNREACHABLE_CODE = YES;
				CLANG_WARN__DUPLICATE_METHOD_MATCH = YES;
				CODE_SIGN_IDENTITY = "iPhone Developer";
				COPY_PHASE_STRIP = NO;
				DEBUG_INFORMATION_FORMAT = "dwarf-with-dsym";
				ENABLE_NS_ASSERTIONS = NO;
				ENABLE_STRICT_OBJC_MSGSEND = YES;
				GCC_C_LANGUAGE_STANDARD = gnu11;
				GCC_NO_COMMON_BLOCKS = YES;
				GCC_WARN_64_TO_32_BIT_CONVERSION = YES;
				GCC_WARN_ABOUT_RETURN_TYPE = YES_ERROR;
				GCC_WARN_UNDECLARED_SELECTOR = YES;
				GCC_WARN_UNINITIALIZED_AUTOS = YES_AGGRESSIVE;
				GCC_WARN_UNUSED_FUNCTION = YES;
				GCC_WARN_UNUSED_VARIABLE = YES;
				IPHONEOS_DEPLOYMENT_TARGET = 11.0;
				MTL_ENABLE_DEBUG_INFO = NO;
				SDKROOT = iphoneos;
				SWIFT_OPTIMIZATION_LEVEL = "-Owholemodule";
				VALIDATE_PRODUCT = YES;
			};
			name = Release;
		};
		C4F1B7CE1F69411900670AC6 /* Debug */ = {
			isa = XCBuildConfiguration;
			baseConfigurationReference = F37BCD266375E84BD759AFF7 /* Pods-GymDiary.debug.xcconfig */;
			buildSettings = {
				ASSETCATALOG_COMPILER_APPICON_NAME = AppIcon;
				CODE_SIGN_STYLE = Automatic;
				DEVELOPMENT_TEAM = 629247H9W4;
				INFOPLIST_FILE = GymDiary/Info.plist;
				LD_RUNPATH_SEARCH_PATHS = "$(inherited) @executable_path/Frameworks";
				PRODUCT_BUNDLE_IDENTIFIER = me.GymDiary;
				PRODUCT_NAME = "$(TARGET_NAME)";
				SWIFT_VERSION = 4.0;
				TARGETED_DEVICE_FAMILY = "1,2";
			};
			name = Debug;
		};
		C4F1B7CF1F69411900670AC6 /* Release */ = {
			isa = XCBuildConfiguration;
			baseConfigurationReference = 517D455F6063C7D7A8772C3C /* Pods-GymDiary.release.xcconfig */;
			buildSettings = {
				ASSETCATALOG_COMPILER_APPICON_NAME = AppIcon;
				CODE_SIGN_STYLE = Automatic;
				DEVELOPMENT_TEAM = 629247H9W4;
				INFOPLIST_FILE = GymDiary/Info.plist;
				LD_RUNPATH_SEARCH_PATHS = "$(inherited) @executable_path/Frameworks";
				PRODUCT_BUNDLE_IDENTIFIER = me.GymDiary;
				PRODUCT_NAME = "$(TARGET_NAME)";
				SWIFT_VERSION = 4.0;
				TARGETED_DEVICE_FAMILY = "1,2";
			};
			name = Release;
		};
		C4F1B7D11F69411900670AC6 /* Debug */ = {
			isa = XCBuildConfiguration;
			buildSettings = {
				ALWAYS_EMBED_SWIFT_STANDARD_LIBRARIES = YES;
				BUNDLE_LOADER = "$(TEST_HOST)";
				CODE_SIGN_STYLE = Automatic;
				DEVELOPMENT_TEAM = 629247H9W4;
				INFOPLIST_FILE = GymDiaryTests/Info.plist;
				LD_RUNPATH_SEARCH_PATHS = "$(inherited) @executable_path/Frameworks @loader_path/Frameworks";
				PRODUCT_BUNDLE_IDENTIFIER = me.GymDiaryTests;
				PRODUCT_NAME = "$(TARGET_NAME)";
				SWIFT_VERSION = 4.0;
				TARGETED_DEVICE_FAMILY = "1,2";
				TEST_HOST = "$(BUILT_PRODUCTS_DIR)/GymDiary.app/GymDiary";
			};
			name = Debug;
		};
		C4F1B7D21F69411900670AC6 /* Release */ = {
			isa = XCBuildConfiguration;
			buildSettings = {
				ALWAYS_EMBED_SWIFT_STANDARD_LIBRARIES = YES;
				BUNDLE_LOADER = "$(TEST_HOST)";
				CODE_SIGN_STYLE = Automatic;
				DEVELOPMENT_TEAM = 629247H9W4;
				INFOPLIST_FILE = GymDiaryTests/Info.plist;
				LD_RUNPATH_SEARCH_PATHS = "$(inherited) @executable_path/Frameworks @loader_path/Frameworks";
				PRODUCT_BUNDLE_IDENTIFIER = me.GymDiaryTests;
				PRODUCT_NAME = "$(TARGET_NAME)";
				SWIFT_VERSION = 4.0;
				TARGETED_DEVICE_FAMILY = "1,2";
				TEST_HOST = "$(BUILT_PRODUCTS_DIR)/GymDiary.app/GymDiary";
			};
			name = Release;
		};
		C4F1B7D41F69411900670AC6 /* Debug */ = {
			isa = XCBuildConfiguration;
			buildSettings = {
				ALWAYS_EMBED_SWIFT_STANDARD_LIBRARIES = YES;
				CODE_SIGN_STYLE = Automatic;
				DEVELOPMENT_TEAM = 629247H9W4;
				INFOPLIST_FILE = GymDiaryUITests/Info.plist;
				LD_RUNPATH_SEARCH_PATHS = "$(inherited) @executable_path/Frameworks @loader_path/Frameworks";
				PRODUCT_BUNDLE_IDENTIFIER = me.GymDiaryUITests;
				PRODUCT_NAME = "$(TARGET_NAME)";
				SWIFT_VERSION = 4.0;
				TARGETED_DEVICE_FAMILY = "1,2";
				TEST_TARGET_NAME = GymDiary;
			};
			name = Debug;
		};
		C4F1B7D51F69411900670AC6 /* Release */ = {
			isa = XCBuildConfiguration;
			buildSettings = {
				ALWAYS_EMBED_SWIFT_STANDARD_LIBRARIES = YES;
				CODE_SIGN_STYLE = Automatic;
				DEVELOPMENT_TEAM = 629247H9W4;
				INFOPLIST_FILE = GymDiaryUITests/Info.plist;
				LD_RUNPATH_SEARCH_PATHS = "$(inherited) @executable_path/Frameworks @loader_path/Frameworks";
				PRODUCT_BUNDLE_IDENTIFIER = me.GymDiaryUITests;
				PRODUCT_NAME = "$(TARGET_NAME)";
				SWIFT_VERSION = 4.0;
				TARGETED_DEVICE_FAMILY = "1,2";
				TEST_TARGET_NAME = GymDiary;
			};
			name = Release;
		};
/* End XCBuildConfiguration section */

/* Begin XCConfigurationList section */
		C4F1B79D1F69411800670AC6 /* Build configuration list for PBXProject "GymDiary" */ = {
			isa = XCConfigurationList;
			buildConfigurations = (
				C4F1B7CB1F69411900670AC6 /* Debug */,
				C4F1B7CC1F69411900670AC6 /* Release */,
			);
			defaultConfigurationIsVisible = 0;
			defaultConfigurationName = Release;
		};
		C4F1B7CD1F69411900670AC6 /* Build configuration list for PBXNativeTarget "GymDiary" */ = {
			isa = XCConfigurationList;
			buildConfigurations = (
				C4F1B7CE1F69411900670AC6 /* Debug */,
				C4F1B7CF1F69411900670AC6 /* Release */,
			);
			defaultConfigurationIsVisible = 0;
			defaultConfigurationName = Release;
		};
		C4F1B7D01F69411900670AC6 /* Build configuration list for PBXNativeTarget "GymDiaryTests" */ = {
			isa = XCConfigurationList;
			buildConfigurations = (
				C4F1B7D11F69411900670AC6 /* Debug */,
				C4F1B7D21F69411900670AC6 /* Release */,
			);
			defaultConfigurationIsVisible = 0;
			defaultConfigurationName = Release;
		};
		C4F1B7D31F69411900670AC6 /* Build configuration list for PBXNativeTarget "GymDiaryUITests" */ = {
			isa = XCConfigurationList;
			buildConfigurations = (
				C4F1B7D41F69411900670AC6 /* Debug */,
				C4F1B7D51F69411900670AC6 /* Release */,
			);
			defaultConfigurationIsVisible = 0;
			defaultConfigurationName = Release;
		};
/* End XCConfigurationList section */

/* Begin XCVersionGroup section */
		C4F1B7AC1F69411800670AC6 /* GymDiary.xcdatamodeld */ = {
			isa = XCVersionGroup;
			children = (
				C4F1B7AD1F69411800670AC6 /* GymDiary.xcdatamodel */,
			);
			currentVersion = C4F1B7AD1F69411800670AC6 /* GymDiary.xcdatamodel */;
			path = GymDiary.xcdatamodeld;
			sourceTree = "<group>";
			versionGroupType = wrapper.xcdatamodel;
		};
/* End XCVersionGroup section */
	};
	rootObject = C4F1B79A1F69411800670AC6 /* Project object */;
}
